{
  "meteor": {},
  "dependencies": {
    "basePackages": {
      "bootstrap-3": {},
      "iron-router": {},
      "spin": {},
      "accounts-ui-bootstrap-3": {},
      "easy-collection": {
        "path": "../meteor-easy-collection"
      },
      "easy-form": {
        "path": "../meteor-easy-form"
      },
      "alpaca-bootstrap": {}
    },
    "packages": {
      "bootstrap-3": {
        "git": "https://github.com/mangasocial/meteor-bootstrap-3.git",
        "tag": "v0.3.4",
        "commit": "680c056e849d079a1b669247f347da2b443aad91"
      },
      "iron-router": {
        "git": "https://github.com/EventedMind/iron-router.git",
        "tag": "v0.5.4",
        "commit": "3e0e22ff85630b7503d0daa1538c6d90abb84020"
      },
      "spin": {
        "git": "https://github.com/SachaG/meteor-spin.git",
        "tag": "v0.2.0",
        "commit": "fd3a2871a69442848b4b4e74f5e1ae28fa4a95a4"
      },
      "accounts-ui-bootstrap-3": {
        "git": "https://github.com/mangasocial/meteor-accounts-ui-bootstrap-3.git",
        "tag": "v0.2.2",
        "commit": "570ffe3ba084bae10c53915e5b0074dae26cae4a"
      },
      "easy-collection": {
        "path": "../meteor-easy-collection"
      },
      "easy-form": {
        "path": "../meteor-easy-form"
      },
      "alpaca-bootstrap": {
        "git": "https://github.com/ahdinosaur/meteor-alpaca-bootstrap.git",
        "tag": "v0.0.1",
        "commit": "542194919eb8f444ae09ca003f865fc9f272aa76"
      },
      "tv4": {
        "git": "https://github.com/ahdinosaur/meteor-tv4.git",
        "tag": "v0.0.1",
        "commit": "10bb076b8638e3f7debda8e3e13e222a16e9123a"
      },
      "alpaca": {
        "git": "https://github.com/ahdinosaur/meteor-alpaca.git",
        "tag": "v0.0.1",
        "commit": "d6a6836549387c0b651604195799a6fd1dbe26ff"
      }
    }
  }
}
